// !$*UTF8*$!
{
	archiveVersion = 1;
	classes = {
	};
	objectVersion = 48;
	objects = {

/* Begin PBXBuildFile section */
		7A881E521F8DD42A0060B912 /* bgOfAgainInviteAlertView@2x.png in Resources */ = {isa = PBXBuildFile; fileRef = 7A881E4E1F8DC4550060B912 /* bgOfAgainInviteAlertView@2x.png */; };
		7A881E531F8DD42A0060B912 /* bgOfAgainInviteAlertView@3x.png in Resources */ = {isa = PBXBuildFile; fileRef = 7A881E4F1F8DC4550060B912 /* bgOfAgainInviteAlertView@3x.png */; };
		7A881E541F8DD42A0060B912 /* iconOfAgainInviteAlertView@2x.png in Resources */ = {isa = PBXBuildFile; fileRef = 7A881E511F8DC7B70060B912 /* iconOfAgainInviteAlertView@2x.png */; };
		7A881E551F8DD42A0060B912 /* iconOfAgainInviteAlertView@3x.png in Resources */ = {isa = PBXBuildFile; fileRef = 7A881E501F8DC7B70060B912 /* iconOfAgainInviteAlertView@3x.png */; };
		7A9DF18A1F8C708A0067F81A /* AppDelegate.m in Sources */ = {isa = PBXBuildFile; fileRef = 7A9DF1891F8C708A0067F81A /* AppDelegate.m */; };
		7A9DF18D1F8C708A0067F81A /* ViewController.m in Sources */ = {isa = PBXBuildFile; fileRef = 7A9DF18C1F8C708A0067F81A /* ViewController.m */; };
		7A9DF1901F8C708A0067F81A /* Main.storyboard in Resources */ = {isa = PBXBuildFile; fileRef = 7A9DF18E1F8C708A0067F81A /* Main.storyboard */; };
		7A9DF1921F8C708A0067F81A /* Assets.xcassets in Resources */ = {isa = PBXBuildFile; fileRef = 7A9DF1911F8C708A0067F81A /* Assets.xcassets */; };
		7A9DF1951F8C708A0067F81A /* LaunchScreen.storyboard in Resources */ = {isa = PBXBuildFile; fileRef = 7A9DF1931F8C708A0067F81A /* LaunchScreen.storyboard */; };
		7A9DF1981F8C708A0067F81A /* main.m in Sources */ = {isa = PBXBuildFile; fileRef = 7A9DF1971F8C708A0067F81A /* main.m */; };
		7A9DF1A01F8C73C70067F81A /* AlertForFutouView.m in Sources */ = {isa = PBXBuildFile; fileRef = 7A9DF19F1F8C73C70067F81A /* AlertForFutouView.m */; };
/* End PBXBuildFile section */

/* Begin PBXFileReference section */
		7A881E4E1F8DC4550060B912 /* bgOfAgainInviteAlertView@2x.png */ = {isa = PBXFileReference; lastKnownFileType = image.png; path = "bgOfAgainInviteAlertView@2x.png"; sourceTree = "<group>"; };
		7A881E4F1F8DC4550060B912 /* bgOfAgainInviteAlertView@3x.png */ = {isa = PBXFileReference; lastKnownFileType = image.png; path = "bgOfAgainInviteAlertView@3x.png"; sourceTree = "<group>"; };
		7A881E501F8DC7B70060B912 /* iconOfAgainInviteAlertView@3x.png */ = {isa = PBXFileReference; lastKnownFileType = image.png; path = "iconOfAgainInviteAlertView@3x.png"; sourceTree = "<group>"; };
		7A881E511F8DC7B70060B912 /* iconOfAgainInviteAlertView@2x.png */ = {isa = PBXFileReference; lastKnownFileType = image.png; path = "iconOfAgainInviteAlertView@2x.png"; sourceTree = "<group>"; };
		7A9DF1851F8C708A0067F81A /* 10月16版本新功能测试dome.app */ = {isa = PBXFileReference; explicitFileType = wrapper.application; includeInIndex = 0; path = "10月16版本新功能测试dome.app"; sourceTree = BUILT_PRODUCTS_DIR; };
		7A9DF1881F8C708A0067F81A /* AppDelegate.h */ = {isa = PBXFileReference; lastKnownFileType = sourcecode.c.h; path = AppDelegate.h; sourceTree = "<group>"; };
		7A9DF1891F8C708A0067F81A /* AppDelegate.m */ = {isa = PBXFileReference; lastKnownFileType = sourcecode.c.objc; path = AppDelegate.m; sourceTree = "<group>"; };
		7A9DF18B1F8C708A0067F81A /* ViewController.h */ = {isa = PBXFileReference; lastKnownFileType = sourcecode.c.h; path = ViewController.h; sourceTree = "<group>"; };
		7A9DF18C1F8C708A0067F81A /* ViewController.m */ = {isa = PBXFileReference; lastKnownFileType = sourcecode.c.objc; path = ViewController.m; sourceTree = "<group>"; };
		7A9DF18F1F8C708A0067F81A /* Base */ = {isa = PBXFileReference; lastKnownFileType = file.storyboard; name = Base; path = Base.lproj/Main.storyboard; sourceTree = "<group>"; };
		7A9DF1911F8C708A0067F81A /* Assets.xcassets */ = {isa = PBXFileReference; lastKnownFileType = folder.assetcatalog; path = Assets.xcassets; sourceTree = "<group>"; };
		7A9DF1941F8C708A0067F81A /* Base */ = {isa = PBXFileReference; lastKnownFileType = file.storyboard; name = Base; path = Base.lproj/LaunchScreen.storyboard; sourceTree = "<group>"; };
		7A9DF1961F8C708A0067F81A /* Info.plist */ = {isa = PBXFileReference; lastKnownFileType = text.plist.xml; path = Info.plist; sourceTree = "<group>"; };
		7A9DF1971F8C708A0067F81A /* main.m */ = {isa = PBXFileReference; lastKnownFileType = sourcecode.c.objc; path = main.m; sourceTree = "<group>"; };
		7A9DF19E1F8C73C70067F81A /* AlertForFutouView.h */ = {isa = PBXFileReference; lastKnownFileType = sourcecode.c.h; path = AlertForFutouView.h; sourceTree = "<group>"; };
		7A9DF19F1F8C73C70067F81A /* AlertForFutouView.m */ = {isa = PBXFileReference; lastKnownFileType = sourcecode.c.objc; path = AlertForFutouView.m; sourceTree = "<group>"; };
/* End PBXFileReference section */

/* Begin PBXFrameworksBuildPhase section */
		7A9DF1821F8C708A0067F81A /* Frameworks */ = {
			isa = PBXFrameworksBuildPhase;
			buildActionMask = 2147483647;
			files = (
			);
			runOnlyForDeploymentPostprocessing = 0;
		};
/* End PBXFrameworksBuildPhase section */

/* Begin PBXGroup section */
		7A9DF17C1F8C708A0067F81A = {
			isa = PBXGroup;
			children = (
				7A9DF1871F8C708A0067F81A /* 10月16版本新功能测试dome */,
				7A9DF1861F8C708A0067F81A /* Products */,
			);
			sourceTree = "<group>";
		};
		7A9DF1861F8C708A0067F81A /* Products */ = {
			isa = PBXGroup;
			children = (
				7A9DF1851F8C708A0067F81A /* 10月16版本新功能测试dome.app */,
			);
			name = Products;
			sourceTree = "<group>";
		};
		7A9DF1871F8C708A0067F81A /* 10月16版本新功能测试dome */ = {
			isa = PBXGroup;
			children = (
				7A9DF1881F8C708A0067F81A /* AppDelegate.h */,
				7A9DF1891F8C708A0067F81A /* AppDelegate.m */,
				7A9DF18B1F8C708A0067F81A /* ViewController.h */,
				7A9DF18C1F8C708A0067F81A /* ViewController.m */,
				7A9DF19E1F8C73C70067F81A /* AlertForFutouView.h */,
				7A9DF19F1F8C73C70067F81A /* AlertForFutouView.m */,
				7A881E4E1F8DC4550060B912 /* bgOfAgainInviteAlertView@2x.png */,
				7A881E4F1F8DC4550060B912 /* bgOfAgainInviteAlertView@3x.png */,
				7A881E511F8DC7B70060B912 /* iconOfAgainInviteAlertView@2x.png */,
				7A881E501F8DC7B70060B912 /* iconOfAgainInviteAlertView@3x.png */,
				7A9DF18E1F8C708A0067F81A /* Main.storyboard */,
				7A9DF1911F8C708A0067F81A /* Assets.xcassets */,
				7A9DF1931F8C708A0067F81A /* LaunchScreen.storyboard */,
				7A9DF1961F8C708A0067F81A /* Info.plist */,
				7A9DF1971F8C708A0067F81A /* main.m */,
			);
			path = "10月16版本新功能测试dome";
			sourceTree = "<group>";
		};
/* End PBXGroup section */

/* Begin PBXNativeTarget section */
		7A9DF1841F8C708A0067F81A /* 10月16版本新功能测试dome */ = {
			isa = PBXNativeTarget;
			buildConfigurationList = 7A9DF19B1F8C708A0067F81A /* Build configuration list for PBXNativeTarget "10月16版本新功能测试dome" */;
			buildPhases = (
				7A9DF1811F8C708A0067F81A /* Sources */,
				7A9DF1821F8C708A0067F81A /* Frameworks */,
				7A9DF1831F8C708A0067F81A /* Resources */,
			);
			buildRules = (
			);
			dependencies = (
			);
			name = "10月16版本新功能测试dome";
			productName = "10月16版本新功能测试dome";
			productReference = 7A9DF1851F8C708A0067F81A /* 10月16版本新功能测试dome.app */;
			productType = "com.apple.product-type.application";
		};
/* End PBXNativeTarget section */

/* Begin PBXProject section */
		7A9DF17D1F8C708A0067F81A /* Project object */ = {
			isa = PBXProject;
			attributes = {
				LastUpgradeCheck = 0900;
				ORGANIZATIONNAME = wumeng;
				TargetAttributes = {
					7A9DF1841F8C708A0067F81A = {
						CreatedOnToolsVersion = 9.0;
						ProvisioningStyle = Automatic;
					};
				};
			};
			buildConfigurationList = 7A9DF1801F8C708A0067F81A /* Build configuration list for PBXProject "10月16版本新功能测试dome" */;
			compatibilityVersion = "Xcode 8.0";
			developmentRegion = en;
			hasScannedForEncodings = 0;
			knownRegions = (
				en,
				Base,
			);
			mainGroup = 7A9DF17C1F8C708A0067F81A;
			productRefGroup = 7A9DF1861F8C708A0067F81A /* Products */;
			projectDirPath = "";
			projectRoot = "";
			targets = (
				7A9DF1841F8C708A0067F81A /* 10月16版本新功能测试dome */,
			);
		};
/* End PBXProject section */

/* Begin PBXResourcesBuildPhase section */
		7A9DF1831F8C708A0067F81A /* Resources */ = {
			isa = PBXResourcesBuildPhase;
			buildActionMask = 2147483647;
			files = (
				7A881E521F8DD42A0060B912 /* bgOfAgainInviteAlertView@2x.png in Resources */,
				7A881E531F8DD42A0060B912 /* bgOfAgainInviteAlertView@3x.png in Resources */,
				7A881E541F8DD42A0060B912 /* iconOfAgainInviteAlertView@2x.png in Resources */,
				7A881E551F8DD42A0060B912 /* iconOfAgainInviteAlertView@3x.png in Resources */,
				7A9DF1951F8C708A0067F81A /* LaunchScreen.storyboard in Resources */,
				7A9DF1921F8C708A0067F81A /* Assets.xcassets in Resources */,
				7A9DF1901F8C708A0067F81A /* Main.storyboard in Resources */,
			);
			runOnlyForDeploymentPostprocessing = 0;
		};
/* End PBXResourcesBuildPhase section */

/* Begin PBXSourcesBuildPhase section */
		7A9DF1811F8C708A0067F81A /* Sources */ = {
			isa = PBXSourcesBuildPhase;
			buildActionMask = 2147483647;
			files = (
				7A9DF18D1F8C708A0067F81A /* ViewController.m in Sources */,
				7A9DF1981F8C708A0067F81A /* main.m in Sources */,
				7A9DF18A1F8C708A0067F81A /* AppDelegate.m in Sources */,
				7A9DF1A01F8C73C70067F81A /* AlertForFutouView.m in Sources */,
			);
			runOnlyForDeploymentPostprocessing = 0;
		};
/* End PBXSourcesBuildPhase section */

/* Begin PBXVariantGroup section */
		7A9DF18E1F8C708A0067F81A /* Main.storyboard */ = {
			isa = PBXVariantGroup;
			children = (
				7A9DF18F1F8C708A0067F81A /* Base */,
			);
			name = Main.storyboard;
			sourceTree = "<group>";
		};
		7A9DF1931F8C708A0067F81A /* LaunchScreen.storyboard */ = {
			isa = PBXVariantGroup;
			children = (
				7A9DF1941F8C708A0067F81A /* Base */,
			);
			name = LaunchScreen.storyboard;
			sourceTree = "<group>";
		};
/* End PBXVariantGroup section */

/* Begin XCBuildConfiguration section */
		7A9DF1991F8C708A0067F81A /* Debug */ = {
			isa = XCBuildConfiguration;
			buildSettings = {
				ALWAYS_SEARCH_USER_PATHS = NO;
				CLANG_ANALYZER_NONNULL = YES;
				CLANG_ANALYZER_NUMBER_OBJECT_CONVERSION = YES_AGGRESSIVE;
				CLANG_CXX_LANGUAGE_STANDARD = "gnu++14";
				CLANG_CXX_LIBRARY = "libc++";
				CLANG_ENABLE_MODULES = YES;
				CLANG_ENABLE_OBJC_ARC = YES;
				CLANG_WARN_BLOCK_CAPTURE_AUTORELEASING = YES;
				CLANG_WARN_BOOL_CONVERSION = YES;
				CLANG_WARN_COMMA = YES;
				CLANG_WARN_CONSTANT_CONVERSION = YES;
				CLANG_WARN_DIRECT_OBJC_ISA_USAGE = YES_ERROR;
				CLANG_WARN_DOCUMENTATION_COMMENTS = YES;
				CLANG_WARN_EMPTY_BODY = YES;
				CLANG_WARN_ENUM_CONVERSION = YES;
				CLANG_WARN_INFINITE_RECURSION = YES;
				CLANG_WARN_INT_CONVERSION = YES;
				CLANG_WARN_NON_LITERAL_NULL_CONVERSION = YES;
				CLANG_WARN_OBJC_LITERAL_CONVERSION = YES;
				CLANG_WARN_OBJC_ROOT_CLASS = YES_ERROR;
				CLANG_WARN_RANGE_LOOP_ANALYSIS = YES;
				CLANG_WARN_STRICT_PROTOTYPES = YES;
				CLANG_WARN_SUSPICIOUS_MOVE = YES;
				CLANG_WARN_UNGUARDED_AVAILABILITY = YES_AGGRESSIVE;
				CLANG_WARN_UNREACHABLE_CODE = YES;
				CLANG_WARN__DUPLICATE_METHOD_MATCH = YES;
				CODE_SIGN_IDENTITY = "iPhone Developer";
				COPY_PHASE_STRIP = NO;
				DEBUG_INFORMATION_FORMAT = dwarf;
				ENABLE_STRICT_OBJC_MSGSEND = YES;
				ENABLE_TESTABILITY = YES;
				GCC_C_LANGUAGE_STANDARD = gnu11;
				GCC_DYNAMIC_NO_PIC = NO;
				GCC_NO_COMMON_BLOCKS = YES;
				GCC_OPTIMIZATION_LEVEL = 0;
				GCC_PREPROCESSOR_DEFINITIONS = (
					"DEBUG=1",
					"$(inherited)",
				);
				GCC_WARN_64_TO_32_BIT_CONVERSION = YES;
				GCC_WARN_ABOUT_RETURN_TYPE = YES_ERROR;
				GCC_WARN_UNDECLARED_SELECTOR = YES;
				GCC_WARN_UNINITIALIZED_AUTOS = YES_AGGRESSIVE;
				GCC_WARN_UNUSED_FUNCTION = YES;
				GCC_WARN_UNUSED_VARIABLE = YES;
				IPHONEOS_DEPLOYMENT_TARGET = 11.0;
				MTL_ENABLE_DEBUG_INFO = YES;
				ONLY_ACTIVE_ARCH = YES;
				SDKROOT = iphoneos;
			};
			name = Debug;
		};
		7A9DF19A1F8C708A0067F81A /* Release */ = {
			isa = XCBuildConfiguration;
			buildSettings = {
				ALWAYS_SEARCH_USER_PATHS = NO;
				CLANG_ANALYZER_NONNULL = YES;
				CLANG_ANALYZER_NUMBER_OBJECT_CONVERSION = YES_AGGRESSIVE;
				CLANG_CXX_LANGUAGE_STANDARD = "gnu++14";
				CLANG_CXX_LIBRARY = "libc++";
				CLANG_ENABLE_MODULES = YES;
				CLANG_ENABLE_OBJC_ARC = YES;
				CLANG_WARN_BLOCK_CAPTURE_AUTORELEASING = YES;
				CLANG_WARN_BOOL_CONVERSION = YES;
				CLANG_WARN_COMMA = YES;
				CLANG_WARN_CONSTANT_CONVERSION = YES;
				CLANG_WARN_DIRECT_OBJC_ISA_USAGE = YES_ERROR;
				CLANG_WARN_DOCUMENTATION_COMMENTS = YES;
				CLANG_WARN_EMPTY_BODY = YES;
				CLANG_WARN_ENUM_CONVERSION = YES;
				CLANG_WARN_INFINITE_RECURSION = YES;
				CLANG_WARN_INT_CONVERSION = YES;
				CLANG_WARN_NON_LITERAL_NULL_CONVERSION = YES;
				CLANG_WARN_OBJC_LITERAL_CONVERSION = YES;
				CLANG_WARN_OBJC_ROOT_CLASS = YES_ERROR;
				CLANG_WARN_RANGE_LOOP_ANALYSIS = YES;
				CLANG_WARN_STRICT_PROTOTYPES = YES;
				CLANG_WARN_SUSPICIOUS_MOVE = YES;
				CLANG_WARN_UNGUARDED_AVAILABILITY = YES_AGGRESSIVE;
				CLANG_WARN_UNREACHABLE_CODE = YES;
				CLANG_WARN__DUPLICATE_METHOD_MATCH = YES;
				CODE_SIGN_IDENTITY = "iPhone Developer";
				COPY_PHASE_STRIP = NO;
				DEBUG_INFORMATION_FORMAT = "dwarf-with-dsym";
				ENABLE_NS_ASSERTIONS = NO;
				ENABLE_STRICT_OBJC_MSGSEND = YES;
				GCC_C_LANGUAGE_STANDARD = gnu11;
				GCC_NO_COMMON_BLOCKS = YES;
				GCC_WARN_64_TO_32_BIT_CONVERSION = YES;
				GCC_WARN_ABOUT_RETURN_TYPE = YES_ERROR;
				GCC_WARN_UNDECLARED_SELECTOR = YES;
				GCC_WARN_UNINITIALIZED_AUTOS = YES_AGGRESSIVE;
				GCC_WARN_UNUSED_FUNCTION = YES;
				GCC_WARN_UNUSED_VARIABLE = YES;
				IPHONEOS_DEPLOYMENT_TARGET = 11.0;
				MTL_ENABLE_DEBUG_INFO = NO;
				SDKROOT = iphoneos;
				VALIDATE_PRODUCT = YES;
			};
			name = Release;
		};
		7A9DF19C1F8C708A0067F81A /* Debug */ = {
			isa = XCBuildConfiguration;
			buildSettings = {
				ASSETCATALOG_COMPILER_APPICON_NAME = AppIcon;
				CODE_SIGN_STYLE = Automatic;
				INFOPLIST_FILE = "10月16版本新功能测试dome/Info.plist";
				LD_RUNPATH_SEARCH_PATHS = "$(inherited) @executable_path/Frameworks";
				PRODUCT_BUNDLE_IDENTIFIER = "Xiaoerge.-0-16-------dome";
				PRODUCT_NAME = "$(TARGET_NAME)";
				TARGETED_DEVICE_FAMILY = "1,2";
			};
			name = Debug;
		};
		7A9DF19D1F8C708A0067F81A /* Release */ = {
			isa = XCBuildConfiguration;
			buildSettings = {
				ASSETCATALOG_COMPILER_APPICON_NAME = AppIcon;
				CODE_SIGN_STYLE = Automatic;
				INFOPLIST_FILE = "10月16版本新功能测试dome/Info.plist";
				LD_RUNPATH_SEARCH_PATHS = "$(inherited) @executable_path/Frameworks";
				PRODUCT_BUNDLE_IDENTIFIER = "Xiaoerge.-0-16-------dome";
				PRODUCT_NAME = "$(TARGET_NAME)";
				TARGETED_DEVICE_FAMILY = "1,2";
			};
			name = Release;
		};
/* End XCBuildConfiguration section */

/* Begin XCConfigurationList section */
		7A9DF1801F8C708A0067F81A /* Build configuration list for PBXProject "10月16版本新功能测试dome" */ = {
			isa = XCConfigurationList;
			buildConfigurations = (
				7A9DF1991F8C708A0067F81A /* Debug */,
				7A9DF19A1F8C708A0067F81A /* Release */,
			);
			defaultConfigurationIsVisible = 0;
			defaultConfigurationName = Release;
		};
		7A9DF19B1F8C708A0067F81A /* Build configuration list for PBXNativeTarget "10月16版本新功能测试dome" */ = {
			isa = XCConfigurationList;
			buildConfigurations = (
				7A9DF19C1F8C708A0067F81A /* Debug */,
				7A9DF19D1F8C708A0067F81A /* Release */,
			);
			defaultConfigurationIsVisible = 0;
			defaultConfigurationName = Release;
		};
/* End XCConfigurationList section */
	};
	rootObject = 7A9DF17D1F8C708A0067F81A /* Project object */;
}
