// !$*UTF8*$!
{
	archiveVersion = 1;
	classes = {
	};
	objectVersion = 48;
	objects = {

/* Begin PBXBuildFile section */
		7A87BB241FDE3147007E5D40 /* AppDelegate.swift in Sources */ = {isa = PBXBuildFile; fileRef = 7A87BB231FDE3147007E5D40 /* AppDelegate.swift */; };
		7A87BB261FDE3147007E5D40 /* ViewController.swift in Sources */ = {isa = PBXBuildFile; fileRef = 7A87BB251FDE3147007E5D40 /* ViewController.swift */; };
		7A87BB291FDE3147007E5D40 /* Main.storyboard in Resources */ = {isa = PBXBuildFile; fileRef = 7A87BB271FDE3147007E5D40 /* Main.storyboard */; };
		7A87BB2B1FDE3147007E5D40 /* Assets.xcassets in Resources */ = {isa = PBXBuildFile; fileRef = 7A87BB2A1FDE3147007E5D40 /* Assets.xcassets */; };
		7A87BB2E1FDE3147007E5D40 /* LaunchScreen.storyboard in Resources */ = {isa = PBXBuildFile; fileRef = 7A87BB2C1FDE3147007E5D40 /* LaunchScreen.storyboard */; };
		7A87BB391FDE3147007E5D40 /* Json____demoTests.swift in Sources */ = {isa = PBXBuildFile; fileRef = 7A87BB381FDE3147007E5D40 /* Json____demoTests.swift */; };
		7A87BB441FDE3148007E5D40 /* Json____demoUITests.swift in Sources */ = {isa = PBXBuildFile; fileRef = 7A87BB431FDE3148007E5D40 /* Json____demoUITests.swift */; };
/* End PBXBuildFile section */

/* Begin PBXContainerItemProxy section */
		7A87BB351FDE3147007E5D40 /* PBXContainerItemProxy */ = {
			isa = PBXContainerItemProxy;
			containerPortal = 7A87BB181FDE3147007E5D40 /* Project object */;
			proxyType = 1;
			remoteGlobalIDString = 7A87BB1F1FDE3147007E5D40;
			remoteInfo = "Json解析学习demo";
		};
		7A87BB401FDE3147007E5D40 /* PBXContainerItemProxy */ = {
			isa = PBXContainerItemProxy;
			containerPortal = 7A87BB181FDE3147007E5D40 /* Project object */;
			proxyType = 1;
			remoteGlobalIDString = 7A87BB1F1FDE3147007E5D40;
			remoteInfo = "Json解析学习demo";
		};
/* End PBXContainerItemProxy section */

/* Begin PBXFileReference section */
		7A87BB201FDE3147007E5D40 /* Json解析学习demo.app */ = {isa = PBXFileReference; explicitFileType = wrapper.application; includeInIndex = 0; path = "Json解析学习demo.app"; sourceTree = BUILT_PRODUCTS_DIR; };
		7A87BB231FDE3147007E5D40 /* AppDelegate.swift */ = {isa = PBXFileReference; lastKnownFileType = sourcecode.swift; path = AppDelegate.swift; sourceTree = "<group>"; };
		7A87BB251FDE3147007E5D40 /* ViewController.swift */ = {isa = PBXFileReference; lastKnownFileType = sourcecode.swift; path = ViewController.swift; sourceTree = "<group>"; };
		7A87BB281FDE3147007E5D40 /* Base */ = {isa = PBXFileReference; lastKnownFileType = file.storyboard; name = Base; path = Base.lproj/Main.storyboard; sourceTree = "<group>"; };
		7A87BB2A1FDE3147007E5D40 /* Assets.xcassets */ = {isa = PBXFileReference; lastKnownFileType = folder.assetcatalog; path = Assets.xcassets; sourceTree = "<group>"; };
		7A87BB2D1FDE3147007E5D40 /* Base */ = {isa = PBXFileReference; lastKnownFileType = file.storyboard; name = Base; path = Base.lproj/LaunchScreen.storyboard; sourceTree = "<group>"; };
		7A87BB2F1FDE3147007E5D40 /* Info.plist */ = {isa = PBXFileReference; lastKnownFileType = text.plist.xml; path = Info.plist; sourceTree = "<group>"; };
		7A87BB341FDE3147007E5D40 /* Json解析学习demoTests.xctest */ = {isa = PBXFileReference; explicitFileType = wrapper.cfbundle; includeInIndex = 0; path = "Json解析学习demoTests.xctest"; sourceTree = BUILT_PRODUCTS_DIR; };
		7A87BB381FDE3147007E5D40 /* Json____demoTests.swift */ = {isa = PBXFileReference; lastKnownFileType = sourcecode.swift; path = "Json____demoTests.swift"; sourceTree = "<group>"; };
		7A87BB3A1FDE3147007E5D40 /* Info.plist */ = {isa = PBXFileReference; lastKnownFileType = text.plist.xml; path = Info.plist; sourceTree = "<group>"; };
		7A87BB3F1FDE3147007E5D40 /* Json解析学习demoUITests.xctest */ = {isa = PBXFileReference; explicitFileType = wrapper.cfbundle; includeInIndex = 0; path = "Json解析学习demoUITests.xctest"; sourceTree = BUILT_PRODUCTS_DIR; };
		7A87BB431FDE3148007E5D40 /* Json____demoUITests.swift */ = {isa = PBXFileReference; lastKnownFileType = sourcecode.swift; path = "Json____demoUITests.swift"; sourceTree = "<group>"; };
		7A87BB451FDE3148007E5D40 /* Info.plist */ = {isa = PBXFileReference; lastKnownFileType = text.plist.xml; path = Info.plist; sourceTree = "<group>"; };
/* End PBXFileReference section */

/* Begin PBXFrameworksBuildPhase section */
		7A87BB1D1FDE3147007E5D40 /* Frameworks */ = {
			isa = PBXFrameworksBuildPhase;
			buildActionMask = 2147483647;
			files = (
			);
			runOnlyForDeploymentPostprocessing = 0;
		};
		7A87BB311FDE3147007E5D40 /* Frameworks */ = {
			isa = PBXFrameworksBuildPhase;
			buildActionMask = 2147483647;
			files = (
			);
			runOnlyForDeploymentPostprocessing = 0;
		};
		7A87BB3C1FDE3147007E5D40 /* Frameworks */ = {
			isa = PBXFrameworksBuildPhase;
			buildActionMask = 2147483647;
			files = (
			);
			runOnlyForDeploymentPostprocessing = 0;
		};
/* End PBXFrameworksBuildPhase section */

/* Begin PBXGroup section */
		7A87BB171FDE3147007E5D40 = {
			isa = PBXGroup;
			children = (
				7A87BB221FDE3147007E5D40 /* Json解析学习demo */,
				7A87BB371FDE3147007E5D40 /* Json解析学习demoTests */,
				7A87BB421FDE3148007E5D40 /* Json解析学习demoUITests */,
				7A87BB211FDE3147007E5D40 /* Products */,
			);
			sourceTree = "<group>";
		};
		7A87BB211FDE3147007E5D40 /* Products */ = {
			isa = PBXGroup;
			children = (
				7A87BB201FDE3147007E5D40 /* Json解析学习demo.app */,
				7A87BB341FDE3147007E5D40 /* Json解析学习demoTests.xctest */,
				7A87BB3F1FDE3147007E5D40 /* Json解析学习demoUITests.xctest */,
			);
			name = Products;
			sourceTree = "<group>";
		};
		7A87BB221FDE3147007E5D40 /* Json解析学习demo */ = {
			isa = PBXGroup;
			children = (
				7A87BB231FDE3147007E5D40 /* AppDelegate.swift */,
				7A87BB251FDE3147007E5D40 /* ViewController.swift */,
				7A87BB271FDE3147007E5D40 /* Main.storyboard */,
				7A87BB2A1FDE3147007E5D40 /* Assets.xcassets */,
				7A87BB2C1FDE3147007E5D40 /* LaunchScreen.storyboard */,
				7A87BB2F1FDE3147007E5D40 /* Info.plist */,
			);
			path = "Json解析学习demo";
			sourceTree = "<group>";
		};
		7A87BB371FDE3147007E5D40 /* Json解析学习demoTests */ = {
			isa = PBXGroup;
			children = (
				7A87BB381FDE3147007E5D40 /* Json____demoTests.swift */,
				7A87BB3A1FDE3147007E5D40 /* Info.plist */,
			);
			path = "Json解析学习demoTests";
			sourceTree = "<group>";
		};
		7A87BB421FDE3148007E5D40 /* Json解析学习demoUITests */ = {
			isa = PBXGroup;
			children = (
				7A87BB431FDE3148007E5D40 /* Json____demoUITests.swift */,
				7A87BB451FDE3148007E5D40 /* Info.plist */,
			);
			path = "Json解析学习demoUITests";
			sourceTree = "<group>";
		};
/* End PBXGroup section */

/* Begin PBXNativeTarget section */
		7A87BB1F1FDE3147007E5D40 /* Json解析学习demo */ = {
			isa = PBXNativeTarget;
			buildConfigurationList = 7A87BB481FDE3148007E5D40 /* Build configuration list for PBXNativeTarget "Json解析学习demo" */;
			buildPhases = (
				7A87BB1C1FDE3147007E5D40 /* Sources */,
				7A87BB1D1FDE3147007E5D40 /* Frameworks */,
				7A87BB1E1FDE3147007E5D40 /* Resources */,
			);
			buildRules = (
			);
			dependencies = (
			);
			name = "Json解析学习demo";
			productName = "Json解析学习demo";
			productReference = 7A87BB201FDE3147007E5D40 /* Json解析学习demo.app */;
			productType = "com.apple.product-type.application";
		};
		7A87BB331FDE3147007E5D40 /* Json解析学习demoTests */ = {
			isa = PBXNativeTarget;
			buildConfigurationList = 7A87BB4B1FDE3148007E5D40 /* Build configuration list for PBXNativeTarget "Json解析学习demoTests" */;
			buildPhases = (
				7A87BB301FDE3147007E5D40 /* Sources */,
				7A87BB311FDE3147007E5D40 /* Frameworks */,
				7A87BB321FDE3147007E5D40 /* Resources */,
			);
			buildRules = (
			);
			dependencies = (
				7A87BB361FDE3147007E5D40 /* PBXTargetDependency */,
			);
			name = "Json解析学习demoTests";
			productName = "Json解析学习demoTests";
			productReference = 7A87BB341FDE3147007E5D40 /* Json解析学习demoTests.xctest */;
			productType = "com.apple.product-type.bundle.unit-test";
		};
		7A87BB3E1FDE3147007E5D40 /* Json解析学习demoUITests */ = {
			isa = PBXNativeTarget;
			buildConfigurationList = 7A87BB4E1FDE3148007E5D40 /* Build configuration list for PBXNativeTarget "Json解析学习demoUITests" */;
			buildPhases = (
				7A87BB3B1FDE3147007E5D40 /* Sources */,
				7A87BB3C1FDE3147007E5D40 /* Frameworks */,
				7A87BB3D1FDE3147007E5D40 /* Resources */,
			);
			buildRules = (
			);
			dependencies = (
				7A87BB411FDE3147007E5D40 /* PBXTargetDependency */,
			);
			name = "Json解析学习demoUITests";
			productName = "Json解析学习demoUITests";
			productReference = 7A87BB3F1FDE3147007E5D40 /* Json解析学习demoUITests.xctest */;
			productType = "com.apple.product-type.bundle.ui-testing";
		};
/* End PBXNativeTarget section */

/* Begin PBXProject section */
		7A87BB181FDE3147007E5D40 /* Project object */ = {
			isa = PBXProject;
			attributes = {
				LastSwiftUpdateCheck = 0910;
				LastUpgradeCheck = 0910;
				ORGANIZATIONNAME = wumeng;
				TargetAttributes = {
					7A87BB1F1FDE3147007E5D40 = {
						CreatedOnToolsVersion = 9.1;
						ProvisioningStyle = Automatic;
					};
					7A87BB331FDE3147007E5D40 = {
						CreatedOnToolsVersion = 9.1;
						ProvisioningStyle = Automatic;
						TestTargetID = 7A87BB1F1FDE3147007E5D40;
					};
					7A87BB3E1FDE3147007E5D40 = {
						CreatedOnToolsVersion = 9.1;
						ProvisioningStyle = Automatic;
						TestTargetID = 7A87BB1F1FDE3147007E5D40;
					};
				};
			};
			buildConfigurationList = 7A87BB1B1FDE3147007E5D40 /* Build configuration list for PBXProject "Json解析学习demo" */;
			compatibilityVersion = "Xcode 8.0";
			developmentRegion = en;
			hasScannedForEncodings = 0;
			knownRegions = (
				en,
				Base,
			);
			mainGroup = 7A87BB171FDE3147007E5D40;
			productRefGroup = 7A87BB211FDE3147007E5D40 /* Products */;
			projectDirPath = "";
			projectRoot = "";
			targets = (
				7A87BB1F1FDE3147007E5D40 /* Json解析学习demo */,
				7A87BB331FDE3147007E5D40 /* Json解析学习demoTests */,
				7A87BB3E1FDE3147007E5D40 /* Json解析学习demoUITests */,
			);
		};
/* End PBXProject section */

/* Begin PBXResourcesBuildPhase section */
		7A87BB1E1FDE3147007E5D40 /* Resources */ = {
			isa = PBXResourcesBuildPhase;
			buildActionMask = 2147483647;
			files = (
				7A87BB2E1FDE3147007E5D40 /* LaunchScreen.storyboard in Resources */,
				7A87BB2B1FDE3147007E5D40 /* Assets.xcassets in Resources */,
				7A87BB291FDE3147007E5D40 /* Main.storyboard in Resources */,
			);
			runOnlyForDeploymentPostprocessing = 0;
		};
		7A87BB321FDE3147007E5D40 /* Resources */ = {
			isa = PBXResourcesBuildPhase;
			buildActionMask = 2147483647;
			files = (
			);
			runOnlyForDeploymentPostprocessing = 0;
		};
		7A87BB3D1FDE3147007E5D40 /* Resources */ = {
			isa = PBXResourcesBuildPhase;
			buildActionMask = 2147483647;
			files = (
			);
			runOnlyForDeploymentPostprocessing = 0;
		};
/* End PBXResourcesBuildPhase section */

/* Begin PBXSourcesBuildPhase section */
		7A87BB1C1FDE3147007E5D40 /* Sources */ = {
			isa = PBXSourcesBuildPhase;
			buildActionMask = 2147483647;
			files = (
				7A87BB261FDE3147007E5D40 /* ViewController.swift in Sources */,
				7A87BB241FDE3147007E5D40 /* AppDelegate.swift in Sources */,
			);
			runOnlyForDeploymentPostprocessing = 0;
		};
		7A87BB301FDE3147007E5D40 /* Sources */ = {
			isa = PBXSourcesBuildPhase;
			buildActionMask = 2147483647;
			files = (
				7A87BB391FDE3147007E5D40 /* Json____demoTests.swift in Sources */,
			);
			runOnlyForDeploymentPostprocessing = 0;
		};
		7A87BB3B1FDE3147007E5D40 /* Sources */ = {
			isa = PBXSourcesBuildPhase;
			buildActionMask = 2147483647;
			files = (
				7A87BB441FDE3148007E5D40 /* Json____demoUITests.swift in Sources */,
			);
			runOnlyForDeploymentPostprocessing = 0;
		};
/* End PBXSourcesBuildPhase section */

/* Begin PBXTargetDependency section */
		7A87BB361FDE3147007E5D40 /* PBXTargetDependency */ = {
			isa = PBXTargetDependency;
			target = 7A87BB1F1FDE3147007E5D40 /* Json解析学习demo */;
			targetProxy = 7A87BB351FDE3147007E5D40 /* PBXContainerItemProxy */;
		};
		7A87BB411FDE3147007E5D40 /* PBXTargetDependency */ = {
			isa = PBXTargetDependency;
			target = 7A87BB1F1FDE3147007E5D40 /* Json解析学习demo */;
			targetProxy = 7A87BB401FDE3147007E5D40 /* PBXContainerItemProxy */;
		};
/* End PBXTargetDependency section */

/* Begin PBXVariantGroup section */
		7A87BB271FDE3147007E5D40 /* Main.storyboard */ = {
			isa = PBXVariantGroup;
			children = (
				7A87BB281FDE3147007E5D40 /* Base */,
			);
			name = Main.storyboard;
			sourceTree = "<group>";
		};
		7A87BB2C1FDE3147007E5D40 /* LaunchScreen.storyboard */ = {
			isa = PBXVariantGroup;
			children = (
				7A87BB2D1FDE3147007E5D40 /* Base */,
			);
			name = LaunchScreen.storyboard;
			sourceTree = "<group>";
		};
/* End PBXVariantGroup section */

/* Begin XCBuildConfiguration section */
		7A87BB461FDE3148007E5D40 /* Debug */ = {
			isa = XCBuildConfiguration;
			buildSettings = {
				ALWAYS_SEARCH_USER_PATHS = NO;
				CLANG_ANALYZER_NONNULL = YES;
				CLANG_ANALYZER_NUMBER_OBJECT_CONVERSION = YES_AGGRESSIVE;
				CLANG_CXX_LANGUAGE_STANDARD = "gnu++14";
				CLANG_CXX_LIBRARY = "libc++";
				CLANG_ENABLE_MODULES = YES;
				CLANG_ENABLE_OBJC_ARC = YES;
				CLANG_WARN_BLOCK_CAPTURE_AUTORELEASING = YES;
				CLANG_WARN_BOOL_CONVERSION = YES;
				CLANG_WARN_COMMA = YES;
				CLANG_WARN_CONSTANT_CONVERSION = YES;
				CLANG_WARN_DIRECT_OBJC_ISA_USAGE = YES_ERROR;
				CLANG_WARN_DOCUMENTATION_COMMENTS = YES;
				CLANG_WARN_EMPTY_BODY = YES;
				CLANG_WARN_ENUM_CONVERSION = YES;
				CLANG_WARN_INFINITE_RECURSION = YES;
				CLANG_WARN_INT_CONVERSION = YES;
				CLANG_WARN_NON_LITERAL_NULL_CONVERSION = YES;
				CLANG_WARN_OBJC_LITERAL_CONVERSION = YES;
				CLANG_WARN_OBJC_ROOT_CLASS = YES_ERROR;
				CLANG_WARN_RANGE_LOOP_ANALYSIS = YES;
				CLANG_WARN_STRICT_PROTOTYPES = YES;
				CLANG_WARN_SUSPICIOUS_MOVE = YES;
				CLANG_WARN_UNGUARDED_AVAILABILITY = YES_AGGRESSIVE;
				CLANG_WARN_UNREACHABLE_CODE = YES;
				CLANG_WARN__DUPLICATE_METHOD_MATCH = YES;
				CODE_SIGN_IDENTITY = "iPhone Developer";
				COPY_PHASE_STRIP = NO;
				DEBUG_INFORMATION_FORMAT = dwarf;
				ENABLE_STRICT_OBJC_MSGSEND = YES;
				ENABLE_TESTABILITY = YES;
				GCC_C_LANGUAGE_STANDARD = gnu11;
				GCC_DYNAMIC_NO_PIC = NO;
				GCC_NO_COMMON_BLOCKS = YES;
				GCC_OPTIMIZATION_LEVEL = 0;
				GCC_PREPROCESSOR_DEFINITIONS = (
					"DEBUG=1",
					"$(inherited)",
				);
				GCC_WARN_64_TO_32_BIT_CONVERSION = YES;
				GCC_WARN_ABOUT_RETURN_TYPE = YES_ERROR;
				GCC_WARN_UNDECLARED_SELECTOR = YES;
				GCC_WARN_UNINITIALIZED_AUTOS = YES_AGGRESSIVE;
				GCC_WARN_UNUSED_FUNCTION = YES;
				GCC_WARN_UNUSED_VARIABLE = YES;
				IPHONEOS_DEPLOYMENT_TARGET = 11.1;
				MTL_ENABLE_DEBUG_INFO = YES;
				ONLY_ACTIVE_ARCH = YES;
				SDKROOT = iphoneos;
				SWIFT_ACTIVE_COMPILATION_CONDITIONS = DEBUG;
				SWIFT_OPTIMIZATION_LEVEL = "-Onone";
			};
			name = Debug;
		};
		7A87BB471FDE3148007E5D40 /* Release */ = {
			isa = XCBuildConfiguration;
			buildSettings = {
				ALWAYS_SEARCH_USER_PATHS = NO;
				CLANG_ANALYZER_NONNULL = YES;
				CLANG_ANALYZER_NUMBER_OBJECT_CONVERSION = YES_AGGRESSIVE;
				CLANG_CXX_LANGUAGE_STANDARD = "gnu++14";
				CLANG_CXX_LIBRARY = "libc++";
				CLANG_ENABLE_MODULES = YES;
				CLANG_ENABLE_OBJC_ARC = YES;
				CLANG_WARN_BLOCK_CAPTURE_AUTORELEASING = YES;
				CLANG_WARN_BOOL_CONVERSION = YES;
				CLANG_WARN_COMMA = YES;
				CLANG_WARN_CONSTANT_CONVERSION = YES;
				CLANG_WARN_DIRECT_OBJC_ISA_USAGE = YES_ERROR;
				CLANG_WARN_DOCUMENTATION_COMMENTS = YES;
				CLANG_WARN_EMPTY_BODY = YES;
				CLANG_WARN_ENUM_CONVERSION = YES;
				CLANG_WARN_INFINITE_RECURSION = YES;
				CLANG_WARN_INT_CONVERSION = YES;
				CLANG_WARN_NON_LITERAL_NULL_CONVERSION = YES;
				CLANG_WARN_OBJC_LITERAL_CONVERSION = YES;
				CLANG_WARN_OBJC_ROOT_CLASS = YES_ERROR;
				CLANG_WARN_RANGE_LOOP_ANALYSIS = YES;
				CLANG_WARN_STRICT_PROTOTYPES = YES;
				CLANG_WARN_SUSPICIOUS_MOVE = YES;
				CLANG_WARN_UNGUARDED_AVAILABILITY = YES_AGGRESSIVE;
				CLANG_WARN_UNREACHABLE_CODE = YES;
				CLANG_WARN__DUPLICATE_METHOD_MATCH = YES;
				CODE_SIGN_IDENTITY = "iPhone Developer";
				COPY_PHASE_STRIP = NO;
				DEBUG_INFORMATION_FORMAT = "dwarf-with-dsym";
				ENABLE_NS_ASSERTIONS = NO;
				ENABLE_STRICT_OBJC_MSGSEND = YES;
				GCC_C_LANGUAGE_STANDARD = gnu11;
				GCC_NO_COMMON_BLOCKS = YES;
				GCC_WARN_64_TO_32_BIT_CONVERSION = YES;
				GCC_WARN_ABOUT_RETURN_TYPE = YES_ERROR;
				GCC_WARN_UNDECLARED_SELECTOR = YES;
				GCC_WARN_UNINITIALIZED_AUTOS = YES_AGGRESSIVE;
				GCC_WARN_UNUSED_FUNCTION = YES;
				GCC_WARN_UNUSED_VARIABLE = YES;
				IPHONEOS_DEPLOYMENT_TARGET = 11.1;
				MTL_ENABLE_DEBUG_INFO = NO;
				SDKROOT = iphoneos;
				SWIFT_OPTIMIZATION_LEVEL = "-Owholemodule";
				VALIDATE_PRODUCT = YES;
			};
			name = Release;
		};
		7A87BB491FDE3148007E5D40 /* Debug */ = {
			isa = XCBuildConfiguration;
			buildSettings = {
				ASSETCATALOG_COMPILER_APPICON_NAME = AppIcon;
				CODE_SIGN_STYLE = Automatic;
				INFOPLIST_FILE = "Json解析学习demo/Info.plist";
				LD_RUNPATH_SEARCH_PATHS = "$(inherited) @executable_path/Frameworks";
				PRODUCT_BUNDLE_IDENTIFIER = "Xckoo-wm.Json----demo";
				PRODUCT_NAME = "$(TARGET_NAME)";
				SWIFT_VERSION = 4.0;
				TARGETED_DEVICE_FAMILY = "1,2";
			};
			name = Debug;
		};
		7A87BB4A1FDE3148007E5D40 /* Release */ = {
			isa = XCBuildConfiguration;
			buildSettings = {
				ASSETCATALOG_COMPILER_APPICON_NAME = AppIcon;
				CODE_SIGN_STYLE = Automatic;
				INFOPLIST_FILE = "Json解析学习demo/Info.plist";
				LD_RUNPATH_SEARCH_PATHS = "$(inherited) @executable_path/Frameworks";
				PRODUCT_BUNDLE_IDENTIFIER = "Xckoo-wm.Json----demo";
				PRODUCT_NAME = "$(TARGET_NAME)";
				SWIFT_VERSION = 4.0;
				TARGETED_DEVICE_FAMILY = "1,2";
			};
			name = Release;
		};
		7A87BB4C1FDE3148007E5D40 /* Debug */ = {
			isa = XCBuildConfiguration;
			buildSettings = {
				ALWAYS_EMBED_SWIFT_STANDARD_LIBRARIES = YES;
				BUNDLE_LOADER = "$(TEST_HOST)";
				CODE_SIGN_STYLE = Automatic;
				INFOPLIST_FILE = "Json解析学习demoTests/Info.plist";
				LD_RUNPATH_SEARCH_PATHS = "$(inherited) @executable_path/Frameworks @loader_path/Frameworks";
				PRODUCT_BUNDLE_IDENTIFIER = "Xckoo-wm.Json----demoTests";
				PRODUCT_NAME = "$(TARGET_NAME)";
				SWIFT_VERSION = 4.0;
				TARGETED_DEVICE_FAMILY = "1,2";
				TEST_HOST = "$(BUILT_PRODUCTS_DIR)/Json解析学习demo.app/Json解析学习demo";
			};
			name = Debug;
		};
		7A87BB4D1FDE3148007E5D40 /* Release */ = {
			isa = XCBuildConfiguration;
			buildSettings = {
				ALWAYS_EMBED_SWIFT_STANDARD_LIBRARIES = YES;
				BUNDLE_LOADER = "$(TEST_HOST)";
				CODE_SIGN_STYLE = Automatic;
				INFOPLIST_FILE = "Json解析学习demoTests/Info.plist";
				LD_RUNPATH_SEARCH_PATHS = "$(inherited) @executable_path/Frameworks @loader_path/Frameworks";
				PRODUCT_BUNDLE_IDENTIFIER = "Xckoo-wm.Json----demoTests";
				PRODUCT_NAME = "$(TARGET_NAME)";
				SWIFT_VERSION = 4.0;
				TARGETED_DEVICE_FAMILY = "1,2";
				TEST_HOST = "$(BUILT_PRODUCTS_DIR)/Json解析学习demo.app/Json解析学习demo";
			};
			name = Release;
		};
		7A87BB4F1FDE3148007E5D40 /* Debug */ = {
			isa = XCBuildConfiguration;
			buildSettings = {
				ALWAYS_EMBED_SWIFT_STANDARD_LIBRARIES = YES;
				CODE_SIGN_STYLE = Automatic;
				INFOPLIST_FILE = "Json解析学习demoUITests/Info.plist";
				LD_RUNPATH_SEARCH_PATHS = "$(inherited) @executable_path/Frameworks @loader_path/Frameworks";
				PRODUCT_BUNDLE_IDENTIFIER = "Xckoo-wm.Json----demoUITests";
				PRODUCT_NAME = "$(TARGET_NAME)";
				SWIFT_VERSION = 4.0;
				TARGETED_DEVICE_FAMILY = "1,2";
				TEST_TARGET_NAME = "Json解析学习demo";
			};
			name = Debug;
		};
		7A87BB501FDE3148007E5D40 /* Release */ = {
			isa = XCBuildConfiguration;
			buildSettings = {
				ALWAYS_EMBED_SWIFT_STANDARD_LIBRARIES = YES;
				CODE_SIGN_STYLE = Automatic;
				INFOPLIST_FILE = "Json解析学习demoUITests/Info.plist";
				LD_RUNPATH_SEARCH_PATHS = "$(inherited) @executable_path/Frameworks @loader_path/Frameworks";
				PRODUCT_BUNDLE_IDENTIFIER = "Xckoo-wm.Json----demoUITests";
				PRODUCT_NAME = "$(TARGET_NAME)";
				SWIFT_VERSION = 4.0;
				TARGETED_DEVICE_FAMILY = "1,2";
				TEST_TARGET_NAME = "Json解析学习demo";
			};
			name = Release;
		};
/* End XCBuildConfiguration section */

/* Begin XCConfigurationList section */
		7A87BB1B1FDE3147007E5D40 /* Build configuration list for PBXProject "Json解析学习demo" */ = {
			isa = XCConfigurationList;
			buildConfigurations = (
				7A87BB461FDE3148007E5D40 /* Debug */,
				7A87BB471FDE3148007E5D40 /* Release */,
			);
			defaultConfigurationIsVisible = 0;
			defaultConfigurationName = Release;
		};
		7A87BB481FDE3148007E5D40 /* Build configuration list for PBXNativeTarget "Json解析学习demo" */ = {
			isa = XCConfigurationList;
			buildConfigurations = (
				7A87BB491FDE3148007E5D40 /* Debug */,
				7A87BB4A1FDE3148007E5D40 /* Release */,
			);
			defaultConfigurationIsVisible = 0;
			defaultConfigurationName = Release;
		};
		7A87BB4B1FDE3148007E5D40 /* Build configuration list for PBXNativeTarget "Json解析学习demoTests" */ = {
			isa = XCConfigurationList;
			buildConfigurations = (
				7A87BB4C1FDE3148007E5D40 /* Debug */,
				7A87BB4D1FDE3148007E5D40 /* Release */,
			);
			defaultConfigurationIsVisible = 0;
			defaultConfigurationName = Release;
		};
		7A87BB4E1FDE3148007E5D40 /* Build configuration list for PBXNativeTarget "Json解析学习demoUITests" */ = {
			isa = XCConfigurationList;
			buildConfigurations = (
				7A87BB4F1FDE3148007E5D40 /* Debug */,
				7A87BB501FDE3148007E5D40 /* Release */,
			);
			defaultConfigurationIsVisible = 0;
			defaultConfigurationName = Release;
		};
/* End XCConfigurationList section */
	};
	rootObject = 7A87BB181FDE3147007E5D40 /* Project object */;
}
